// !$*UTF8*$!
{
	archiveVersion = 1;
	classes = {
	};
	objectVersion = 56;
	objects = {

/* Begin PBXBuildFile section */
		27DCAE142BD2E6FF0099247B /* RealityKitContent in Frameworks */ = {isa = PBXBuildFile; productRef = 27DCAE132BD2E6FF0099247B /* RealityKitContent */; };
		27DCAE162BD2E6FF0099247B /* VisionDiceApp.swift in Sources */ = {isa = PBXBuildFile; fileRef = 27DCAE152BD2E6FF0099247B /* VisionDiceApp.swift */; };
		27DCAE182BD2E6FF0099247B /* ContentView.swift in Sources */ = {isa = PBXBuildFile; fileRef = 27DCAE172BD2E6FF0099247B /* ContentView.swift */; };
		27DCAE1A2BD2E6FF0099247B /* ImmersiveView.swift in Sources */ = {isa = PBXBuildFile; fileRef = 27DCAE192BD2E6FF0099247B /* ImmersiveView.swift */; };
		27DCAE1C2BD2E7000099247B /* Assets.xcassets in Resources */ = {isa = PBXBuildFile; fileRef = 27DCAE1B2BD2E7000099247B /* Assets.xcassets */; };
		27DCAE1F2BD2E7000099247B /* Preview Assets.xcassets in Resources */ = {isa = PBXBuildFile; fileRef = 27DCAE1E2BD2E7000099247B /* Preview Assets.xcassets */; };
		27DCAE2A2BD2E7000099247B /* VisionDiceTests.swift in Sources */ = {isa = PBXBuildFile; fileRef = 27DCAE292BD2E7000099247B /* VisionDiceTests.swift */; };
		27DCAE342BD2EC680099247B /* dice.usdz in Resources */ = {isa = PBXBuildFile; fileRef = 27DCAE332BD2EC680099247B /* dice.usdz */; };
		27DCAE352BD2EC680099247B /* dice.usdz in Resources */ = {isa = PBXBuildFile; fileRef = 27DCAE332BD2EC680099247B /* dice.usdz */; };
		27DCAE372BD303C50099247B /* studio.skybox in Resources */ = {isa = PBXBuildFile; fileRef = 27DCAE362BD303C50099247B /* studio.skybox */; };
		27DCAE382BD303C50099247B /* studio.skybox in Resources */ = {isa = PBXBuildFile; fileRef = 27DCAE362BD303C50099247B /* studio.skybox */; };
/* End PBXBuildFile section */

/* Begin PBXContainerItemProxy section */
		27DCAE262BD2E7000099247B /* PBXContainerItemProxy */ = {
			isa = PBXContainerItemProxy;
			containerPortal = 27DCAE062BD2E6FF0099247B /* Project object */;
			proxyType = 1;
			remoteGlobalIDString = 27DCAE0D2BD2E6FF0099247B;
			remoteInfo = VisionDice;
		};
/* End PBXContainerItemProxy section */

/* Begin PBXFileReference section */
		27DCAE0E2BD2E6FF0099247B /* VisionDice.app */ = {isa = PBXFileReference; explicitFileType = wrapper.application; includeInIndex = 0; path = VisionDice.app; sourceTree = BUILT_PRODUCTS_DIR; };
		27DCAE122BD2E6FF0099247B /* RealityKitContent */ = {isa = PBXFileReference; lastKnownFileType = wrapper; path = RealityKitContent; sourceTree = "<group>"; };
		27DCAE152BD2E6FF0099247B /* VisionDiceApp.swift */ = {isa = PBXFileReference; lastKnownFileType = sourcecode.swift; path = VisionDiceApp.swift; sourceTree = "<group>"; };
		27DCAE172BD2E6FF0099247B /* ContentView.swift */ = {isa = PBXFileReference; lastKnownFileType = sourcecode.swift; path = ContentView.swift; sourceTree = "<group>"; };
		27DCAE192BD2E6FF0099247B /* ImmersiveView.swift */ = {isa = PBXFileReference; lastKnownFileType = sourcecode.swift; path = ImmersiveView.swift; sourceTree = "<group>"; };
		27DCAE1B2BD2E7000099247B /* Assets.xcassets */ = {isa = PBXFileReference; lastKnownFileType = folder.assetcatalog; path = Assets.xcassets; sourceTree = "<group>"; };
		27DCAE1E2BD2E7000099247B /* Preview Assets.xcassets */ = {isa = PBXFileReference; lastKnownFileType = folder.assetcatalog; path = "Preview Assets.xcassets"; sourceTree = "<group>"; };
		27DCAE202BD2E7000099247B /* Info.plist */ = {isa = PBXFileReference; lastKnownFileType = text.plist.xml; path = Info.plist; sourceTree = "<group>"; };
		27DCAE252BD2E7000099247B /* VisionDiceTests.xctest */ = {isa = PBXFileReference; explicitFileType = wrapper.cfbundle; includeInIndex = 0; path = VisionDiceTests.xctest; sourceTree = BUILT_PRODUCTS_DIR; };
		27DCAE292BD2E7000099247B /* VisionDiceTests.swift */ = {isa = PBXFileReference; lastKnownFileType = sourcecode.swift; path = VisionDiceTests.swift; sourceTree = "<group>"; };
		27DCAE332BD2EC680099247B /* dice.usdz */ = {isa = PBXFileReference; lastKnownFileType = file.usdz; name = dice.usdz; path = ../../../Downloads/assets/dice.usdz; sourceTree = "<group>"; };
		27DCAE362BD303C50099247B /* studio.skybox */ = {isa = PBXFileReference; lastKnownFileType = file.skybox; path = studio.skybox; sourceTree = "<group>"; };
/* End PBXFileReference section */

/* Begin PBXFrameworksBuildPhase section */
		27DCAE0B2BD2E6FF0099247B /* Frameworks */ = {
			isa = PBXFrameworksBuildPhase;
			buildActionMask = 2147483647;
			files = (
				27DCAE142BD2E6FF0099247B /* RealityKitContent in Frameworks */,
			);
			runOnlyForDeploymentPostprocessing = 0;
		};
		27DCAE222BD2E7000099247B /* Frameworks */ = {
			isa = PBXFrameworksBuildPhase;
			buildActionMask = 2147483647;
			files = (
			);
			runOnlyForDeploymentPostprocessing = 0;
		};
/* End PBXFrameworksBuildPhase section */

/* Begin PBXGroup section */
		27DCAE052BD2E6FF0099247B = {
			isa = PBXGroup;
			children = (
				27DCAE102BD2E6FF0099247B /* VisionDice */,
				27DCAE112BD2E6FF0099247B /* Packages */,
				27DCAE282BD2E7000099247B /* VisionDiceTests */,
				27DCAE0F2BD2E6FF0099247B /* Products */,
			);
			sourceTree = "<group>";
		};
		27DCAE0F2BD2E6FF0099247B /* Products */ = {
			isa = PBXGroup;
			children = (
				27DCAE0E2BD2E6FF0099247B /* VisionDice.app */,
				27DCAE252BD2E7000099247B /* VisionDiceTests.xctest */,
			);
			name = Products;
			sourceTree = "<group>";
		};
		27DCAE102BD2E6FF0099247B /* VisionDice */ = {
			isa = PBXGroup;
			children = (
				27DCAE362BD303C50099247B /* studio.skybox */,
				27DCAE152BD2E6FF0099247B /* VisionDiceApp.swift */,
				27DCAE172BD2E6FF0099247B /* ContentView.swift */,
				27DCAE192BD2E6FF0099247B /* ImmersiveView.swift */,
				27DCAE1B2BD2E7000099247B /* Assets.xcassets */,
				27DCAE332BD2EC680099247B /* dice.usdz */,
				27DCAE202BD2E7000099247B /* Info.plist */,
				27DCAE1D2BD2E7000099247B /* Preview Content */,
			);
			path = VisionDice;
			sourceTree = "<group>";
		};
		27DCAE112BD2E6FF0099247B /* Packages */ = {
			isa = PBXGroup;
			children = (
				27DCAE122BD2E6FF0099247B /* RealityKitContent */,
			);
			path = Packages;
			sourceTree = "<group>";
		};
		27DCAE1D2BD2E7000099247B /* Preview Content */ = {
			isa = PBXGroup;
			children = (
				27DCAE1E2BD2E7000099247B /* Preview Assets.xcassets */,
			);
			path = "Preview Content";
			sourceTree = "<group>";
		};
		27DCAE282BD2E7000099247B /* VisionDiceTests */ = {
			isa = PBXGroup;
			children = (
				27DCAE292BD2E7000099247B /* VisionDiceTests.swift */,
			);
			path = VisionDiceTests;
			sourceTree = "<group>";
		};
/* End PBXGroup section */

/* Begin PBXNativeTarget section */
		27DCAE0D2BD2E6FF0099247B /* VisionDice */ = {
			isa = PBXNativeTarget;
			buildConfigurationList = 27DCAE2D2BD2E7000099247B /* Build configuration list for PBXNativeTarget "VisionDice" */;
			buildPhases = (
				27DCAE0A2BD2E6FF0099247B /* Sources */,
				27DCAE0B2BD2E6FF0099247B /* Frameworks */,
				27DCAE0C2BD2E6FF0099247B /* Resources */,
			);
			buildRules = (
			);
			dependencies = (
			);
			name = VisionDice;
			packageProductDependencies = (
				27DCAE132BD2E6FF0099247B /* RealityKitContent */,
			);
			productName = VisionDice;
			productReference = 27DCAE0E2BD2E6FF0099247B /* VisionDice.app */;
			productType = "com.apple.product-type.application";
		};
		27DCAE242BD2E7000099247B /* VisionDiceTests */ = {
			isa = PBXNativeTarget;
			buildConfigurationList = 27DCAE302BD2E7000099247B /* Build configuration list for PBXNativeTarget "VisionDiceTests" */;
			buildPhases = (
				27DCAE212BD2E7000099247B /* Sources */,
				27DCAE222BD2E7000099247B /* Frameworks */,
				27DCAE232BD2E7000099247B /* Resources */,
			);
			buildRules = (
			);
			dependencies = (
				27DCAE272BD2E7000099247B /* PBXTargetDependency */,
			);
			name = VisionDiceTests;
			productName = VisionDiceTests;
			productReference = 27DCAE252BD2E7000099247B /* VisionDiceTests.xctest */;
			productType = "com.apple.product-type.bundle.unit-test";
		};
/* End PBXNativeTarget section */

/* Begin PBXProject section */
		27DCAE062BD2E6FF0099247B /* Project object */ = {
			isa = PBXProject;
			attributes = {
				BuildIndependentTargetsInParallel = 1;
				LastSwiftUpdateCheck = 1530;
				LastUpgradeCheck = 1530;
				TargetAttributes = {
					27DCAE0D2BD2E6FF0099247B = {
						CreatedOnToolsVersion = 15.3;
					};
					27DCAE242BD2E7000099247B = {
						CreatedOnToolsVersion = 15.3;
						TestTargetID = 27DCAE0D2BD2E6FF0099247B;
					};
				};
			};
			buildConfigurationList = 27DCAE092BD2E6FF0099247B /* Build configuration list for PBXProject "VisionDice" */;
			compatibilityVersion = "Xcode 14.0";
			developmentRegion = en;
			hasScannedForEncodings = 0;
			knownRegions = (
				en,
				Base,
			);
			mainGroup = 27DCAE052BD2E6FF0099247B;
			productRefGroup = 27DCAE0F2BD2E6FF0099247B /* Products */;
			projectDirPath = "";
			projectRoot = "";
			targets = (
				27DCAE0D2BD2E6FF0099247B /* VisionDice */,
				27DCAE242BD2E7000099247B /* VisionDiceTests */,
			);
		};
/* End PBXProject section */

/* Begin PBXResourcesBuildPhase section */
		27DCAE0C2BD2E6FF0099247B /* Resources */ = {
			isa = PBXResourcesBuildPhase;
			buildActionMask = 2147483647;
			files = (
				27DCAE1F2BD2E7000099247B /* Preview Assets.xcassets in Resources */,
				27DCAE342BD2EC680099247B /* dice.usdz in Resources */,
				27DCAE1C2BD2E7000099247B /* Assets.xcassets in Resources */,
				27DCAE372BD303C50099247B /* studio.skybox in Resources */,
			);
			runOnlyForDeploymentPostprocessing = 0;
		};
		27DCAE232BD2E7000099247B /* Resources */ = {
			isa = PBXResourcesBuildPhase;
			buildActionMask = 2147483647;
			files = (
				27DCAE352BD2EC680099247B /* dice.usdz in Resources */,
				27DCAE382BD303C50099247B /* studio.skybox in Resources */,
			);
			runOnlyForDeploymentPostprocessing = 0;
		};
/* End PBXResourcesBuildPhase section */

/* Begin PBXSourcesBuildPhase section */
		27DCAE0A2BD2E6FF0099247B /* Sources */ = {
			isa = PBXSourcesBuildPhase;
			buildActionMask = 2147483647;
			files = (
				27DCAE182BD2E6FF0099247B /* ContentView.swift in Sources */,
				27DCAE162BD2E6FF0099247B /* VisionDiceApp.swift in Sources */,
				27DCAE1A2BD2E6FF0099247B /* ImmersiveView.swift in Sources */,
			);
			runOnlyForDeploymentPostprocessing = 0;
		};
		27DCAE212BD2E7000099247B /* Sources */ = {
			isa = PBXSourcesBuildPhase;
			buildActionMask = 2147483647;
			files = (
				27DCAE2A2BD2E7000099247B /* VisionDiceTests.swift in Sources */,
			);
			runOnlyForDeploymentPostprocessing = 0;
		};
/* End PBXSourcesBuildPhase section */

/* Begin PBXTargetDependency section */
		27DCAE272BD2E7000099247B /* PBXTargetDependency */ = {
			isa = PBXTargetDependency;
			target = 27DCAE0D2BD2E6FF0099247B /* VisionDice */;
			targetProxy = 27DCAE262BD2E7000099247B /* PBXContainerItemProxy */;
		};
/* End PBXTargetDependency section */

/* Begin XCBuildConfiguration section */
		27DCAE2B2BD2E7000099247B /* Debug */ = {
			isa = XCBuildConfiguration;
			buildSettings = {
				ALWAYS_SEARCH_USER_PATHS = NO;
				ASSETCATALOG_COMPILER_GENERATE_SWIFT_ASSET_SYMBOL_EXTENSIONS = YES;
				CLANG_ANALYZER_NONNULL = YES;
				CLANG_ANALYZER_NUMBER_OBJECT_CONVERSION = YES_AGGRESSIVE;
				CLANG_CXX_LANGUAGE_STANDARD = "gnu++20";
				CLANG_ENABLE_MODULES = YES;
				CLANG_ENABLE_OBJC_ARC = YES;
				CLANG_ENABLE_OBJC_WEAK = YES;
				CLANG_WARN_BLOCK_CAPTURE_AUTORELEASING = YES;
				CLANG_WARN_BOOL_CONVERSION = YES;
				CLANG_WARN_COMMA = YES;
				CLANG_WARN_CONSTANT_CONVERSION = YES;
				CLANG_WARN_DEPRECATED_OBJC_IMPLEMENTATIONS = YES;
				CLANG_WARN_DIRECT_OBJC_ISA_USAGE = YES_ERROR;
				CLANG_WARN_DOCUMENTATION_COMMENTS = YES;
				CLANG_WARN_EMPTY_BODY = YES;
				CLANG_WARN_ENUM_CONVERSION = YES;
				CLANG_WARN_INFINITE_RECURSION = YES;
				CLANG_WARN_INT_CONVERSION = YES;
				CLANG_WARN_NON_LITERAL_NULL_CONVERSION = YES;
				CLANG_WARN_OBJC_IMPLICIT_RETAIN_SELF = YES;
				CLANG_WARN_OBJC_LITERAL_CONVERSION = YES;
				CLANG_WARN_OBJC_ROOT_CLASS = YES_ERROR;
				CLANG_WARN_QUOTED_INCLUDE_IN_FRAMEWORK_HEADER = YES;
				CLANG_WARN_RANGE_LOOP_ANALYSIS = YES;
				CLANG_WARN_STRICT_PROTOTYPES = YES;
				CLANG_WARN_SUSPICIOUS_MOVE = YES;
				CLANG_WARN_UNGUARDED_AVAILABILITY = YES_AGGRESSIVE;
				CLANG_WARN_UNREACHABLE_CODE = YES;
				CLANG_WARN__DUPLICATE_METHOD_MATCH = YES;
				COPY_PHASE_STRIP = NO;
				DEBUG_INFORMATION_FORMAT = dwarf;
				ENABLE_STRICT_OBJC_MSGSEND = YES;
				ENABLE_TESTABILITY = YES;
				ENABLE_USER_SCRIPT_SANDBOXING = YES;
				GCC_C_LANGUAGE_STANDARD = gnu17;
				GCC_DYNAMIC_NO_PIC = NO;
				GCC_NO_COMMON_BLOCKS = YES;
				GCC_OPTIMIZATION_LEVEL = 0;
				GCC_PREPROCESSOR_DEFINITIONS = (
					"DEBUG=1",
					"$(inherited)",
				);
				GCC_WARN_64_TO_32_BIT_CONVERSION = YES;
				GCC_WARN_ABOUT_RETURN_TYPE = YES_ERROR;
				GCC_WARN_UNDECLARED_SELECTOR = YES;
				GCC_WARN_UNINITIALIZED_AUTOS = YES_AGGRESSIVE;
				GCC_WARN_UNUSED_FUNCTION = YES;
				GCC_WARN_UNUSED_VARIABLE = YES;
				LOCALIZATION_PREFERS_STRING_CATALOGS = YES;
				MTL_ENABLE_DEBUG_INFO = INCLUDE_SOURCE;
				MTL_FAST_MATH = YES;
				ONLY_ACTIVE_ARCH = YES;
				SDKROOT = xros;
				SWIFT_ACTIVE_COMPILATION_CONDITIONS = "DEBUG $(inherited)";
				SWIFT_OPTIMIZATION_LEVEL = "-Onone";
				XROS_DEPLOYMENT_TARGET = 1.1;
			};
			name = Debug;
		};
		27DCAE2C2BD2E7000099247B /* Release */ = {
			isa = XCBuildConfiguration;
			buildSettings = {
				ALWAYS_SEARCH_USER_PATHS = NO;
				ASSETCATALOG_COMPILER_GENERATE_SWIFT_ASSET_SYMBOL_EXTENSIONS = YES;
				CLANG_ANALYZER_NONNULL = YES;
				CLANG_ANALYZER_NUMBER_OBJECT_CONVERSION = YES_AGGRESSIVE;
				CLANG_CXX_LANGUAGE_STANDARD = "gnu++20";
				CLANG_ENABLE_MODULES = YES;
				CLANG_ENABLE_OBJC_ARC = YES;
				CLANG_ENABLE_OBJC_WEAK = YES;
				CLANG_WARN_BLOCK_CAPTURE_AUTORELEASING = YES;
				CLANG_WARN_BOOL_CONVERSION = YES;
				CLANG_WARN_COMMA = YES;
				CLANG_WARN_CONSTANT_CONVERSION = YES;
				CLANG_WARN_DEPRECATED_OBJC_IMPLEMENTATIONS = YES;
				CLANG_WARN_DIRECT_OBJC_ISA_USAGE = YES_ERROR;
				CLANG_WARN_DOCUMENTATION_COMMENTS = YES;
				CLANG_WARN_EMPTY_BODY = YES;
				CLANG_WARN_ENUM_CONVERSION = YES;
				CLANG_WARN_INFINITE_RECURSION = YES;
				CLANG_WARN_INT_CONVERSION = YES;
				CLANG_WARN_NON_LITERAL_NULL_CONVERSION = YES;
				CLANG_WARN_OBJC_IMPLICIT_RETAIN_SELF = YES;
				CLANG_WARN_OBJC_LITERAL_CONVERSION = YES;
				CLANG_WARN_OBJC_ROOT_CLASS = YES_ERROR;
				CLANG_WARN_QUOTED_INCLUDE_IN_FRAMEWORK_HEADER = YES;
				CLANG_WARN_RANGE_LOOP_ANALYSIS = YES;
				CLANG_WARN_STRICT_PROTOTYPES = YES;
				CLANG_WARN_SUSPICIOUS_MOVE = YES;
				CLANG_WARN_UNGUARDED_AVAILABILITY = YES_AGGRESSIVE;
				CLANG_WARN_UNREACHABLE_CODE = YES;
				CLANG_WARN__DUPLICATE_METHOD_MATCH = YES;
				COPY_PHASE_STRIP = NO;
				DEBUG_INFORMATION_FORMAT = "dwarf-with-dsym";
				ENABLE_NS_ASSERTIONS = NO;
				ENABLE_STRICT_OBJC_MSGSEND = YES;
				ENABLE_USER_SCRIPT_SANDBOXING = YES;
				GCC_C_LANGUAGE_STANDARD = gnu17;
				GCC_NO_COMMON_BLOCKS = YES;
				GCC_WARN_64_TO_32_BIT_CONVERSION = YES;
				GCC_WARN_ABOUT_RETURN_TYPE = YES_ERROR;
				GCC_WARN_UNDECLARED_SELECTOR = YES;
				GCC_WARN_UNINITIALIZED_AUTOS = YES_AGGRESSIVE;
				GCC_WARN_UNUSED_FUNCTION = YES;
				GCC_WARN_UNUSED_VARIABLE = YES;
				LOCALIZATION_PREFERS_STRING_CATALOGS = YES;
				MTL_ENABLE_DEBUG_INFO = NO;
				MTL_FAST_MATH = YES;
				SDKROOT = xros;
				SWIFT_COMPILATION_MODE = wholemodule;
				VALIDATE_PRODUCT = YES;
				XROS_DEPLOYMENT_TARGET = 1.1;
			};
			name = Release;
		};
		27DCAE2E2BD2E7000099247B /* Debug */ = {
			isa = XCBuildConfiguration;
			buildSettings = {
				ASSETCATALOG_COMPILER_APPICON_NAME = AppIcon;
				ASSETCATALOG_COMPILER_GLOBAL_ACCENT_COLOR_NAME = AccentColor;
				CODE_SIGN_STYLE = Automatic;
				CURRENT_PROJECT_VERSION = 1;
				DEVELOPMENT_ASSET_PATHS = "\"VisionDice/Preview Content\"";
				DEVELOPMENT_TEAM = 79VMFGGZU8;
				ENABLE_PREVIEWS = YES;
				GENERATE_INFOPLIST_FILE = YES;
				INFOPLIST_FILE = "$(TARGET_NAME)/Info.plist";
				LD_RUNPATH_SEARCH_PATHS = (
					"$(inherited)",
					"@executable_path/Frameworks",
				);
				MARKETING_VERSION = 1.0;
				PRODUCT_BUNDLE_IDENTIFIER = com.lucasrasmusson.VisionDice;
				PRODUCT_NAME = "$(TARGET_NAME)";
				SUPPORTED_PLATFORMS = "xros xrsimulator";
				SWIFT_EMIT_LOC_STRINGS = YES;
				SWIFT_VERSION = 5.0;
				TARGETED_DEVICE_FAMILY = "1,2,7";
			};
			name = Debug;
		};
		27DCAE2F2BD2E7000099247B /* Release */ = {
			isa = XCBuildConfiguration;
			buildSettings = {
				ASSETCATALOG_COMPILER_APPICON_NAME = AppIcon;
				ASSETCATALOG_COMPILER_GLOBAL_ACCENT_COLOR_NAME = AccentColor;
				CODE_SIGN_STYLE = Automatic;
				CURRENT_PROJECT_VERSION = 1;
				DEVELOPMENT_ASSET_PATHS = "\"VisionDice/Preview Content\"";
				DEVELOPMENT_TEAM = 79VMFGGZU8;
				ENABLE_PREVIEWS = YES;
				GENERATE_INFOPLIST_FILE = YES;
				INFOPLIST_FILE = "$(TARGET_NAME)/Info.plist";
				LD_RUNPATH_SEARCH_PATHS = (
					"$(inherited)",
					"@executable_path/Frameworks",
				);
				MARKETING_VERSION = 1.0;
				PRODUCT_BUNDLE_IDENTIFIER = com.lucasrasmusson.VisionDice;
				PRODUCT_NAME = "$(TARGET_NAME)";
				SUPPORTED_PLATFORMS = "xros xrsimulator";
				SWIFT_EMIT_LOC_STRINGS = YES;
				SWIFT_VERSION = 5.0;
				TARGETED_DEVICE_FAMILY = "1,2,7";
			};
			name = Release;
		};
		27DCAE312BD2E7000099247B /* Debug */ = {
			isa = XCBuildConfiguration;
			buildSettings = {
				ALWAYS_EMBED_SWIFT_STANDARD_LIBRARIES = YES;
				BUNDLE_LOADER = "$(TEST_HOST)";
				CODE_SIGN_STYLE = Automatic;
				CURRENT_PROJECT_VERSION = 1;
				DEVELOPMENT_TEAM = 79VMFGGZU8;
				GENERATE_INFOPLIST_FILE = YES;
				MARKETING_VERSION = 1.0;
				PRODUCT_BUNDLE_IDENTIFIER = com.lucasrasmusson.VisionDiceTests;
				PRODUCT_NAME = "$(TARGET_NAME)";
				SUPPORTED_PLATFORMS = "xros xrsimulator";
				SWIFT_EMIT_LOC_STRINGS = NO;
				SWIFT_VERSION = 5.0;
				TARGETED_DEVICE_FAMILY = "1,2,7";
				TEST_HOST = "$(BUILT_PRODUCTS_DIR)/VisionDice.app/$(BUNDLE_EXECUTABLE_FOLDER_PATH)/VisionDice";
				XROS_DEPLOYMENT_TARGET = 1.1;
			};
			name = Debug;
		};
		27DCAE322BD2E7000099247B /* Release */ = {
			isa = XCBuildConfiguration;
			buildSettings = {
				ALWAYS_EMBED_SWIFT_STANDARD_LIBRARIES = YES;
				BUNDLE_LOADER = "$(TEST_HOST)";
				CODE_SIGN_STYLE = Automatic;
				CURRENT_PROJECT_VERSION = 1;
				DEVELOPMENT_TEAM = 79VMFGGZU8;
				GENERATE_INFOPLIST_FILE = YES;
				MARKETING_VERSION = 1.0;
				PRODUCT_BUNDLE_IDENTIFIER = com.lucasrasmusson.VisionDiceTests;
				PRODUCT_NAME = "$(TARGET_NAME)";
				SUPPORTED_PLATFORMS = "xros xrsimulator";
				SWIFT_EMIT_LOC_STRINGS = NO;
				SWIFT_VERSION = 5.0;
				TARGETED_DEVICE_FAMILY = "1,2,7";
				TEST_HOST = "$(BUILT_PRODUCTS_DIR)/VisionDice.app/$(BUNDLE_EXECUTABLE_FOLDER_PATH)/VisionDice";
				XROS_DEPLOYMENT_TARGET = 1.1;
			};
			name = Release;
		};
/* End XCBuildConfiguration section */

/* Begin XCConfigurationList section */
		27DCAE092BD2E6FF0099247B /* Build configuration list for PBXProject "VisionDice" */ = {
			isa = XCConfigurationList;
			buildConfigurations = (
				27DCAE2B2BD2E7000099247B /* Debug */,
				27DCAE2C2BD2E7000099247B /* Release */,
			);
			defaultConfigurationIsVisible = 0;
			defaultConfigurationName = Release;
		};
		27DCAE2D2BD2E7000099247B /* Build configuration list for PBXNativeTarget "VisionDice" */ = {
			isa = XCConfigurationList;
			buildConfigurations = (
				27DCAE2E2BD2E7000099247B /* Debug */,
				27DCAE2F2BD2E7000099247B /* Release */,
			);
			defaultConfigurationIsVisible = 0;
			defaultConfigurationName = Release;
		};
		27DCAE302BD2E7000099247B /* Build configuration list for PBXNativeTarget "VisionDiceTests" */ = {
			isa = XCConfigurationList;
			buildConfigurations = (
				27DCAE312BD2E7000099247B /* Debug */,
				27DCAE322BD2E7000099247B /* Release */,
			);
			defaultConfigurationIsVisible = 0;
			defaultConfigurationName = Release;
		};
/* End XCConfigurationList section */

/* Begin XCSwiftPackageProductDependency section */
		27DCAE132BD2E6FF0099247B /* RealityKitContent */ = {
			isa = XCSwiftPackageProductDependency;
			productName = RealityKitContent;
		};
/* End XCSwiftPackageProductDependency section */
	};
	rootObject = 27DCAE062BD2E6FF0099247B /* Project object */;
}
